# Using the U-Net as blocks in the unrolled network.
_BASE_: "basic.yaml"
MODEL:
  META_ARCHITECTURE: "GeneralizedUnrolledCNN"
  UNROLLED:
    BLOCK_ARCHITECTURE: "UnetModel"
  UNET:
    IN_CHANNELS: 2
    OUT_CHANNELS: 2
    CHANNELS: 32
    NUM_POOL_LAYERS: 4
    DROPOUT: 0.
  RECON_LOSS:
    NAME: "l1"
    RENORMALIZE_DATA: False
OUTPUT_DIR: "results://tests/reconstruction/unrolled/unet-block"
VERSION: 1